{
  "name": "big-data-demo",
  "version": "0.1.0",
  "lockfileVersion": 1,
  "requires": true,
  "dependencies": {
    "deepmerge": {
      "version": "1.5.2",
      "resolved": "https://registry.npmjs.org/deepmerge/-/deepmerge-1.5.2.tgz",
      "integrity": "sha512-95k0GDqvBjZavkuvzx/YqVLv/6YYa17fz6ILMSf7neqQITCPbnfEnQvEgMPNjH4kgobe7+WIL0yJEHku+H3qtQ==",
      "dev": true
    },
    "javascript-stringify": {
      "version": "1.6.0",
      "resolved": "https://registry.npmjs.org/javascript-stringify/-/javascript-stringify-1.6.0.tgz",
      "integrity": "sha1-FC0RHzpuPa6PSpr9d9RYVbWpzOM=",
      "dev": true
    },
    "webpack-chain": {
      "version": "5.2.0",
      "resolved": "https://registry.npmjs.org/webpack-chain/-/webpack-chain-5.2.0.tgz",
      "integrity": "sha512-JXz9YgEkTqx8hvnES2VMRyWHNFlqJfLmA5QTyuJOXalkGg+MVdOgB0UaYtc4iDadEmzJLe8UyCl4wyDq3wWZDg==",
      "dev": true,
      "requires": {
        "deepmerge": "1.5.2",
        "javascript-stringify": "1.6.0"
      }
    }
  }
}
